
Microsoft Visual Studio Solution File, Format Version 12.00
# Visual Studio 14
VisualStudioVersion = 14.0.25123.0
MinimumVisualStudioVersion = 10.0.40219.1
Project("{89CE9451-5D65-4A3B-A3B0-394D59F0889E}") = "Sitecore.Support.321854", "Sitecore.Support.321854\Sitecore.Support.321854.csproj", "{5B1D3604-8C89-4F70-9F6C-3C4C5D80BA34}"
EndProject
Global
	GlobalSection(SolutionConfigurationPlatforms) = preSolution
		Debug|Any CPU = Debug|Any CPU
		Release|Any CPU = Release|Any CPU
	EndGlobalSection
	GlobalSection(ProjectConfigurationPlatforms) = postSolution
		{5B1D3604-8C89-4F70-9F6C-3C4C5D80BA34}.Debug|Any CPU.ActiveCfg = Debug|Any CPU
		{5B1D3604-8C89-4F70-9F6C-3C4C5D80BA34}.Debug|Any CPU.Build.0 = Debug|Any CPU
		{5B1D3604-8C89-4F70-9F6C-3C4C5D80BA34}.Release|Any CPU.ActiveCfg = Release|Any CPU
		{5B1D3604-8C89-4F70-9F6C-3C4C5D80BA34}.Release|Any CPU.Build.0 = Release|Any CPU
	EndGlobalSection
	GlobalSection(SolutionProperties) = preSolution
		HideSolutionNode = FALSE
	EndGlobalSection
EndGlobal
